// !$*UTF8*$!
{
	archiveVersion = 1;
	classes = {
	};
	objectVersion = 46;
	objects = {

/* Begin PBXBuildFile section */
		111302FE1AFC8421002EA4B1 /* LinkManager.swift in Sources */ = {isa = PBXBuildFile; fileRef = 111302FD1AFC8421002EA4B1 /* LinkManager.swift */; };
		111E979F1C50551400848C64 /* SettingsView.swift in Sources */ = {isa = PBXBuildFile; fileRef = 111E979E1C50551400848C64 /* SettingsView.swift */; settings = {ASSET_TAGS = (); }; };
		111E97A11C50552A00848C64 /* SettingsView.xib in Resources */ = {isa = PBXBuildFile; fileRef = 111E97A01C50552A00848C64 /* SettingsView.xib */; settings = {ASSET_TAGS = (); }; };
		111E97A31C50AA8E00848C64 /* AboutView.swift in Sources */ = {isa = PBXBuildFile; fileRef = 111E97A21C50AA8E00848C64 /* AboutView.swift */; settings = {ASSET_TAGS = (); }; };
		111E97A51C50AA9E00848C64 /* AboutView.xib in Resources */ = {isa = PBXBuildFile; fileRef = 111E97A41C50AA9E00848C64 /* AboutView.xib */; settings = {ASSET_TAGS = (); }; };
		111E97A71C50D65200848C64 /* LineRuledTextView.swift in Sources */ = {isa = PBXBuildFile; fileRef = 111E97A61C50D65200848C64 /* LineRuledTextView.swift */; settings = {ASSET_TAGS = (); }; };
		11489EC51AE5C6C900FB4B62 /* LastOpenProjectEntity.swift in Sources */ = {isa = PBXBuildFile; fileRef = 11489EC41AE5C6C900FB4B62 /* LastOpenProjectEntity.swift */; };
		11493AC71A9EB13900E09069 /* AppDelegate.swift in Sources */ = {isa = PBXBuildFile; fileRef = 11493AC61A9EB13900E09069 /* AppDelegate.swift */; };
		11493ACE1A9EB13900E09069 /* Images.xcassets in Resources */ = {isa = PBXBuildFile; fileRef = 11493ACD1A9EB13900E09069 /* Images.xcassets */; };
		11493AD11A9EB13900E09069 /* LaunchScreen.xib in Resources */ = {isa = PBXBuildFile; fileRef = 11493ACF1A9EB13900E09069 /* LaunchScreen.xib */; };
		11493ADD1A9EB13900E09069 /* TracksTests.swift in Sources */ = {isa = PBXBuildFile; fileRef = 11493ADC1A9EB13900E09069 /* TracksTests.swift */; };
		11493AED1A9EB19800E09069 /* Line.swift in Sources */ = {isa = PBXBuildFile; fileRef = 11493AE61A9EB19800E09069 /* Line.swift */; };
		11493AEE1A9EB19800E09069 /* ProjectViewController.swift in Sources */ = {isa = PBXBuildFile; fileRef = 11493AE71A9EB19800E09069 /* ProjectViewController.swift */; };
		11493AEF1A9EB19800E09069 /* RecordedAudio.swift in Sources */ = {isa = PBXBuildFile; fileRef = 11493AE81A9EB19800E09069 /* RecordedAudio.swift */; };
		11493AF01A9EB19800E09069 /* Track.swift in Sources */ = {isa = PBXBuildFile; fileRef = 11493AE91A9EB19800E09069 /* Track.swift */; };
		11493AF11A9EB19800E09069 /* TrackColors.swift in Sources */ = {isa = PBXBuildFile; fileRef = 11493AEA1A9EB19800E09069 /* TrackColors.swift */; };
		11493AF41A9EB1B000E09069 /* DrawView.swift in Sources */ = {isa = PBXBuildFile; fileRef = 11493AF31A9EB1B000E09069 /* DrawView.swift */; };
		11493AF61A9EB96F00E09069 /* Main.storyboard in Resources */ = {isa = PBXBuildFile; fileRef = 11493AF51A9EB96F00E09069 /* Main.storyboard */; };
		115854121B9F91F3007C0131 /* WaveformEditView.xib in Resources */ = {isa = PBXBuildFile; fileRef = 115854111B9F91F3007C0131 /* WaveformEditView.xib */; };
		115854141B9FB80C007C0131 /* WaveformEditView.swift in Sources */ = {isa = PBXBuildFile; fileRef = 115854131B9FB80C007C0131 /* WaveformEditView.swift */; };
		115854201BA22ACF007C0131 /* TimelineView.swift in Sources */ = {isa = PBXBuildFile; fileRef = 1158541F1BA22ACF007C0131 /* TimelineView.swift */; };
		115854261BA39586007C0131 /* TrackEditView.swift in Sources */ = {isa = PBXBuildFile; fileRef = 115854251BA39586007C0131 /* TrackEditView.swift */; };
		115854281BA39DCB007C0131 /* TrackEditView.xib in Resources */ = {isa = PBXBuildFile; fileRef = 115854271BA39DCB007C0131 /* TrackEditView.xib */; };
		1158542C1BAB9E7B007C0131 /* TimeSelectorView.swift in Sources */ = {isa = PBXBuildFile; fileRef = 1158542B1BAB9E7B007C0131 /* TimeSelectorView.swift */; };
		1162B37B1AA2C9E00066A52E /* TracksDataModel.xcdatamodeld in Sources */ = {isa = PBXBuildFile; fileRef = 1162B3791AA2C9E00066A52E /* TracksDataModel.xcdatamodeld */; };
		1162B3811AA6EBB10066A52E /* TrackEntity.swift in Sources */ = {isa = PBXBuildFile; fileRef = 1162B3801AA6EBB10066A52E /* TrackEntity.swift */; };
		1163B5601C40BD7F002183E5 /* Track.xib in Resources */ = {isa = PBXBuildFile; fileRef = 1163B55F1C40BD7F002183E5 /* Track.xib */; settings = {ASSET_TAGS = (); }; };
		116A71311AD8CDB6003CD4C7 /* ProjectManagerViewController.swift in Sources */ = {isa = PBXBuildFile; fileRef = 116A71301AD8CDB6003CD4C7 /* ProjectManagerViewController.swift */; };
		116A71371AD8D5D9003CD4C7 /* ProjectViewController.xib in Resources */ = {isa = PBXBuildFile; fileRef = 116A71361AD8D5D9003CD4C7 /* ProjectViewController.xib */; };
		1184716F1AE5D68F009DFAD4 /* SelectProjectViewController.xib in Resources */ = {isa = PBXBuildFile; fileRef = 1184716E1AE5D68F009DFAD4 /* SelectProjectViewController.xib */; };
		11ABD8491B98D7B10048F1F9 /* NotesView.swift in Sources */ = {isa = PBXBuildFile; fileRef = 11ABD8481B98D7B10048F1F9 /* NotesView.swift */; };
		11ABD84B1B98D9B70048F1F9 /* NotesView.xib in Resources */ = {isa = PBXBuildFile; fileRef = 11ABD84A1B98D9B70048F1F9 /* NotesView.xib */; };
		11ABD84F1B9962BA0048F1F9 /* NotesEntity.swift in Sources */ = {isa = PBXBuildFile; fileRef = 11ABD84E1B9962BA0048F1F9 /* NotesEntity.swift */; };
		11C8F5EF1B7406B100BDD37C /* TrackLink.swift in Sources */ = {isa = PBXBuildFile; fileRef = 11C8F5EE1B7406B100BDD37C /* TrackLink.swift */; };
		11C8F5F11B74081B00BDD37C /* TrackLinkNode.swift in Sources */ = {isa = PBXBuildFile; fileRef = 11C8F5F01B74081B00BDD37C /* TrackLinkNode.swift */; };
		11C8F5F71B7C09FE00BDD37C /* LinkEntity.swift in Sources */ = {isa = PBXBuildFile; fileRef = 11C8F5F61B7C09FE00BDD37C /* LinkEntity.swift */; };
		11C8F5F91B7C0A6A00BDD37C /* ProjectEntity.swift in Sources */ = {isa = PBXBuildFile; fileRef = 11C8F5F81B7C0A6A00BDD37C /* ProjectEntity.swift */; };
		11CEDDD31AE843B30092AE87 /* ProjectTableViewCell.swift in Sources */ = {isa = PBXBuildFile; fileRef = 11CEDDD11AE843B30092AE87 /* ProjectTableViewCell.swift */; };
		11CEDDD41AE843B30092AE87 /* ProjectTableViewCell.xib in Resources */ = {isa = PBXBuildFile; fileRef = 11CEDDD21AE843B30092AE87 /* ProjectTableViewCell.xib */; };
		11DC217A1AA8F9E000471052 /* DrawViewEntity.swift in Sources */ = {isa = PBXBuildFile; fileRef = 11DC21791AA8F9E000471052 /* DrawViewEntity.swift */; };
		11DCE8C41AFD90750099BFEE /* LinkEdge.swift in Sources */ = {isa = PBXBuildFile; fileRef = 11DCE8C31AFD90750099BFEE /* LinkEdge.swift */; };
		11E167611AA152B900A4D5EA /* SelectProjectTableViewController.swift in Sources */ = {isa = PBXBuildFile; fileRef = 11E167601AA152B900A4D5EA /* SelectProjectTableViewController.swift */; };
		11E3911D1AA80CE700257DE2 /* TableViewDataEntity.swift in Sources */ = {isa = PBXBuildFile; fileRef = 11E3911C1AA80CE700257DE2 /* TableViewDataEntity.swift */; };
		11F9526E1BFABEEB00F8586F /* Info.plist in Resources */ = {isa = PBXBuildFile; fileRef = 11F9526D1BFABEEB00F8586F /* Info.plist */; settings = {ASSET_TAGS = (); }; };
		11F952721BFBBF8C00F8586F /* ModeSelectSegmentedControl.swift in Sources */ = {isa = PBXBuildFile; fileRef = 11F952711BFBBF8C00F8586F /* ModeSelectSegmentedControl.swift */; settings = {ASSET_TAGS = (); }; };
		B82C0A99A676B1A859871BB0 /* libPods.a in Frameworks */ = {isa = PBXBuildFile; fileRef = 4F0EFB2F40011E4A9B70B6F4 /* libPods.a */; };
/* End PBXBuildFile section */

/* Begin PBXContainerItemProxy section */
		11493AD71A9EB13900E09069 /* PBXContainerItemProxy */ = {
			isa = PBXContainerItemProxy;
			containerPortal = 11493AB91A9EB13900E09069 /* Project object */;
			proxyType = 1;
			remoteGlobalIDString = 11493AC01A9EB13900E09069;
			remoteInfo = Tracks;
		};
/* End PBXContainerItemProxy section */

/* Begin PBXFileReference section */
		111302FD1AFC8421002EA4B1 /* LinkManager.swift */ = {isa = PBXFileReference; fileEncoding = 4; lastKnownFileType = sourcecode.swift; path = LinkManager.swift; sourceTree = "<group>"; };
		111E979E1C50551400848C64 /* SettingsView.swift */ = {isa = PBXFileReference; fileEncoding = 4; lastKnownFileType = sourcecode.swift; path = SettingsView.swift; sourceTree = "<group>"; };
		111E97A01C50552A00848C64 /* SettingsView.xib */ = {isa = PBXFileReference; fileEncoding = 4; lastKnownFileType = file.xib; path = SettingsView.xib; sourceTree = "<group>"; };
		111E97A21C50AA8E00848C64 /* AboutView.swift */ = {isa = PBXFileReference; fileEncoding = 4; lastKnownFileType = sourcecode.swift; path = AboutView.swift; sourceTree = "<group>"; };
		111E97A41C50AA9E00848C64 /* AboutView.xib */ = {isa = PBXFileReference; fileEncoding = 4; lastKnownFileType = file.xib; path = AboutView.xib; sourceTree = "<group>"; };
		111E97A61C50D65200848C64 /* LineRuledTextView.swift */ = {isa = PBXFileReference; fileEncoding = 4; lastKnownFileType = sourcecode.swift; path = LineRuledTextView.swift; sourceTree = "<group>"; };
		11489EC41AE5C6C900FB4B62 /* LastOpenProjectEntity.swift */ = {isa = PBXFileReference; fileEncoding = 4; lastKnownFileType = sourcecode.swift; path = LastOpenProjectEntity.swift; sourceTree = "<group>"; };
		11493AC11A9EB13900E09069 /* Tracks.app */ = {isa = PBXFileReference; explicitFileType = wrapper.application; includeInIndex = 0; path = Tracks.app; sourceTree = BUILT_PRODUCTS_DIR; };
		11493AC61A9EB13900E09069 /* AppDelegate.swift */ = {isa = PBXFileReference; lastKnownFileType = sourcecode.swift; path = AppDelegate.swift; sourceTree = "<group>"; };
		11493ACD1A9EB13900E09069 /* Images.xcassets */ = {isa = PBXFileReference; lastKnownFileType = folder.assetcatalog; path = Images.xcassets; sourceTree = "<group>"; };
		11493AD01A9EB13900E09069 /* Base */ = {isa = PBXFileReference; lastKnownFileType = file.xib; name = Base; path = Base.lproj/LaunchScreen.xib; sourceTree = "<group>"; };
		11493AD61A9EB13900E09069 /* TracksTests.xctest */ = {isa = PBXFileReference; explicitFileType = wrapper.cfbundle; includeInIndex = 0; path = TracksTests.xctest; sourceTree = BUILT_PRODUCTS_DIR; };
		11493ADB1A9EB13900E09069 /* Info.plist */ = {isa = PBXFileReference; lastKnownFileType = text.plist.xml; path = Info.plist; sourceTree = "<group>"; };
		11493ADC1A9EB13900E09069 /* TracksTests.swift */ = {isa = PBXFileReference; lastKnownFileType = sourcecode.swift; path = TracksTests.swift; sourceTree = "<group>"; };
		11493AE61A9EB19800E09069 /* Line.swift */ = {isa = PBXFileReference; fileEncoding = 4; lastKnownFileType = sourcecode.swift; path = Line.swift; sourceTree = "<group>"; };
		11493AE71A9EB19800E09069 /* ProjectViewController.swift */ = {isa = PBXFileReference; fileEncoding = 4; lastKnownFileType = sourcecode.swift; path = ProjectViewController.swift; sourceTree = "<group>"; };
		11493AE81A9EB19800E09069 /* RecordedAudio.swift */ = {isa = PBXFileReference; fileEncoding = 4; lastKnownFileType = sourcecode.swift; path = RecordedAudio.swift; sourceTree = "<group>"; };
		11493AE91A9EB19800E09069 /* Track.swift */ = {isa = PBXFileReference; fileEncoding = 4; lastKnownFileType = sourcecode.swift; path = Track.swift; sourceTree = "<group>"; };
		11493AEA1A9EB19800E09069 /* TrackColors.swift */ = {isa = PBXFileReference; fileEncoding = 4; lastKnownFileType = sourcecode.swift; path = TrackColors.swift; sourceTree = "<group>"; };
		11493AF31A9EB1B000E09069 /* DrawView.swift */ = {isa = PBXFileReference; fileEncoding = 4; lastKnownFileType = sourcecode.swift; path = DrawView.swift; sourceTree = "<group>"; };
		11493AF51A9EB96F00E09069 /* Main.storyboard */ = {isa = PBXFileReference; fileEncoding = 4; lastKnownFileType = file.storyboard; path = Main.storyboard; sourceTree = "<group>"; };
		115854111B9F91F3007C0131 /* WaveformEditView.xib */ = {isa = PBXFileReference; fileEncoding = 4; lastKnownFileType = file.xib; path = WaveformEditView.xib; sourceTree = "<group>"; };
		115854131B9FB80C007C0131 /* WaveformEditView.swift */ = {isa = PBXFileReference; fileEncoding = 4; lastKnownFileType = sourcecode.swift; path = WaveformEditView.swift; sourceTree = "<group>"; };
		1158541F1BA22ACF007C0131 /* TimelineView.swift */ = {isa = PBXFileReference; fileEncoding = 4; lastKnownFileType = sourcecode.swift; path = TimelineView.swift; sourceTree = "<group>"; };
		115854251BA39586007C0131 /* TrackEditView.swift */ = {isa = PBXFileReference; fileEncoding = 4; lastKnownFileType = sourcecode.swift; path = TrackEditView.swift; sourceTree = "<group>"; };
		115854271BA39DCB007C0131 /* TrackEditView.xib */ = {isa = PBXFileReference; fileEncoding = 4; lastKnownFileType = file.xib; path = TrackEditView.xib; sourceTree = "<group>"; };
		1158542B1BAB9E7B007C0131 /* TimeSelectorView.swift */ = {isa = PBXFileReference; fileEncoding = 4; lastKnownFileType = sourcecode.swift; path = TimeSelectorView.swift; sourceTree = "<group>"; };
		1162B37A1AA2C9E00066A52E /* TracksDataModel.xcdatamodel */ = {isa = PBXFileReference; lastKnownFileType = wrapper.xcdatamodel; path = TracksDataModel.xcdatamodel; sourceTree = "<group>"; };
		1162B3801AA6EBB10066A52E /* TrackEntity.swift */ = {isa = PBXFileReference; fileEncoding = 4; lastKnownFileType = sourcecode.swift; path = TrackEntity.swift; sourceTree = "<group>"; };
		1163B55F1C40BD7F002183E5 /* Track.xib */ = {isa = PBXFileReference; fileEncoding = 4; lastKnownFileType = file.xib; path = Track.xib; sourceTree = "<group>"; };
		116A71301AD8CDB6003CD4C7 /* ProjectManagerViewController.swift */ = {isa = PBXFileReference; fileEncoding = 4; lastKnownFileType = sourcecode.swift; path = ProjectManagerViewController.swift; sourceTree = "<group>"; };
		116A71361AD8D5D9003CD4C7 /* ProjectViewController.xib */ = {isa = PBXFileReference; fileEncoding = 4; lastKnownFileType = file.xib; path = ProjectViewController.xib; sourceTree = "<group>"; };
		1184716E1AE5D68F009DFAD4 /* SelectProjectViewController.xib */ = {isa = PBXFileReference; fileEncoding = 4; lastKnownFileType = file.xib; path = SelectProjectViewController.xib; sourceTree = "<group>"; };
		11ABD8481B98D7B10048F1F9 /* NotesView.swift */ = {isa = PBXFileReference; fileEncoding = 4; lastKnownFileType = sourcecode.swift; path = NotesView.swift; sourceTree = "<group>"; };
		11ABD84A1B98D9B70048F1F9 /* NotesView.xib */ = {isa = PBXFileReference; fileEncoding = 4; lastKnownFileType = file.xib; path = NotesView.xib; sourceTree = "<group>"; };
		11ABD84E1B9962BA0048F1F9 /* NotesEntity.swift */ = {isa = PBXFileReference; fileEncoding = 4; lastKnownFileType = sourcecode.swift; path = NotesEntity.swift; sourceTree = "<group>"; };
		11C7FF3B1A9EC0320055879C /* Tracks-Bridging-Header.h */ = {isa = PBXFileReference; lastKnownFileType = sourcecode.c.h; path = "Tracks-Bridging-Header.h"; sourceTree = "<group>"; };
		11C8F5EE1B7406B100BDD37C /* TrackLink.swift */ = {isa = PBXFileReference; fileEncoding = 4; lastKnownFileType = sourcecode.swift; path = TrackLink.swift; sourceTree = "<group>"; };
		11C8F5F01B74081B00BDD37C /* TrackLinkNode.swift */ = {isa = PBXFileReference; fileEncoding = 4; lastKnownFileType = sourcecode.swift; path = TrackLinkNode.swift; sourceTree = "<group>"; };
		11C8F5F61B7C09FE00BDD37C /* LinkEntity.swift */ = {isa = PBXFileReference; fileEncoding = 4; lastKnownFileType = sourcecode.swift; path = LinkEntity.swift; sourceTree = "<group>"; };
		11C8F5F81B7C0A6A00BDD37C /* ProjectEntity.swift */ = {isa = PBXFileReference; fileEncoding = 4; lastKnownFileType = sourcecode.swift; path = ProjectEntity.swift; sourceTree = "<group>"; };
		11CEDDD11AE843B30092AE87 /* ProjectTableViewCell.swift */ = {isa = PBXFileReference; fileEncoding = 4; lastKnownFileType = sourcecode.swift; path = ProjectTableViewCell.swift; sourceTree = "<group>"; };
		11CEDDD21AE843B30092AE87 /* ProjectTableViewCell.xib */ = {isa = PBXFileReference; fileEncoding = 4; lastKnownFileType = file.xib; path = ProjectTableViewCell.xib; sourceTree = "<group>"; };
		11DC21791AA8F9E000471052 /* DrawViewEntity.swift */ = {isa = PBXFileReference; fileEncoding = 4; lastKnownFileType = sourcecode.swift; path = DrawViewEntity.swift; sourceTree = "<group>"; };
		11DCE8C31AFD90750099BFEE /* LinkEdge.swift */ = {isa = PBXFileReference; fileEncoding = 4; lastKnownFileType = sourcecode.swift; path = LinkEdge.swift; sourceTree = "<group>"; };
		11E167601AA152B900A4D5EA /* SelectProjectTableViewController.swift */ = {isa = PBXFileReference; fileEncoding = 4; lastKnownFileType = sourcecode.swift; path = SelectProjectTableViewController.swift; sourceTree = "<group>"; };
		11E3911C1AA80CE700257DE2 /* TableViewDataEntity.swift */ = {isa = PBXFileReference; fileEncoding = 4; lastKnownFileType = sourcecode.swift; path = TableViewDataEntity.swift; sourceTree = "<group>"; };
		11F9526D1BFABEEB00F8586F /* Info.plist */ = {isa = PBXFileReference; fileEncoding = 4; lastKnownFileType = text.plist.xml; path = Info.plist; sourceTree = "<group>"; };
		11F952711BFBBF8C00F8586F /* ModeSelectSegmentedControl.swift */ = {isa = PBXFileReference; fileEncoding = 4; lastKnownFileType = sourcecode.swift; path = ModeSelectSegmentedControl.swift; sourceTree = "<group>"; };
		3AD75F2E0A8E254275688B01 /* Pods.release.xcconfig */ = {isa = PBXFileReference; includeInIndex = 1; lastKnownFileType = text.xcconfig; name = Pods.release.xcconfig; path = "Pods/Target Support Files/Pods/Pods.release.xcconfig"; sourceTree = "<group>"; };
		4F0EFB2F40011E4A9B70B6F4 /* libPods.a */ = {isa = PBXFileReference; explicitFileType = archive.ar; includeInIndex = 0; path = libPods.a; sourceTree = BUILT_PRODUCTS_DIR; };
		B73C169CBD4E32C05F39A9F4 /* Pods.debug.xcconfig */ = {isa = PBXFileReference; includeInIndex = 1; lastKnownFileType = text.xcconfig; name = Pods.debug.xcconfig; path = "Pods/Target Support Files/Pods/Pods.debug.xcconfig"; sourceTree = "<group>"; };
/* End PBXFileReference section */

/* Begin PBXFrameworksBuildPhase section */
		11493ABE1A9EB13900E09069 /* Frameworks */ = {
			isa = PBXFrameworksBuildPhase;
			buildActionMask = 2147483647;
			files = (
				B82C0A99A676B1A859871BB0 /* libPods.a in Frameworks */,
			);
			runOnlyForDeploymentPostprocessing = 0;
		};
		11493AD31A9EB13900E09069 /* Frameworks */ = {
			isa = PBXFrameworksBuildPhase;
			buildActionMask = 2147483647;
			files = (
			);
			runOnlyForDeploymentPostprocessing = 0;
		};
/* End PBXFrameworksBuildPhase section */

/* Begin PBXGroup section */
		11493AB81A9EB13900E09069 = {
			isa = PBXGroup;
			children = (
				11493AC31A9EB13900E09069 /* Tracks */,
				11493AD91A9EB13900E09069 /* TracksTests */,
				11493AC21A9EB13900E09069 /* Products */,
				69980F29F0D3F5582F8B2EEC /* Pods */,
				21D8B0B044E5734AEE645CD3 /* Frameworks */,
			);
			sourceTree = "<group>";
		};
		11493AC21A9EB13900E09069 /* Products */ = {
			isa = PBXGroup;
			children = (
				11493AC11A9EB13900E09069 /* Tracks.app */,
				11493AD61A9EB13900E09069 /* TracksTests.xctest */,
			);
			name = Products;
			sourceTree = "<group>";
		};
		11493AC31A9EB13900E09069 /* Tracks */ = {
			isa = PBXGroup;
			children = (
				11CEDDD11AE843B30092AE87 /* ProjectTableViewCell.swift */,
				11CEDDD21AE843B30092AE87 /* ProjectTableViewCell.xib */,
				11493AC61A9EB13900E09069 /* AppDelegate.swift */,
				116A71301AD8CDB6003CD4C7 /* ProjectManagerViewController.swift */,
				11E167601AA152B900A4D5EA /* SelectProjectTableViewController.swift */,
				1184716E1AE5D68F009DFAD4 /* SelectProjectViewController.xib */,
				11493AE71A9EB19800E09069 /* ProjectViewController.swift */,
				116A71361AD8D5D9003CD4C7 /* ProjectViewController.xib */,
				111E979E1C50551400848C64 /* SettingsView.swift */,
				111E97A01C50552A00848C64 /* SettingsView.xib */,
				111E97A21C50AA8E00848C64 /* AboutView.swift */,
				111E97A41C50AA9E00848C64 /* AboutView.xib */,
				11F952711BFBBF8C00F8586F /* ModeSelectSegmentedControl.swift */,
				111302FD1AFC8421002EA4B1 /* LinkManager.swift */,
				11C8F5EE1B7406B100BDD37C /* TrackLink.swift */,
				11C8F5F01B74081B00BDD37C /* TrackLinkNode.swift */,
				11DCE8C31AFD90750099BFEE /* LinkEdge.swift */,
				11ABD8481B98D7B10048F1F9 /* NotesView.swift */,
				11ABD84A1B98D9B70048F1F9 /* NotesView.xib */,
				111E97A61C50D65200848C64 /* LineRuledTextView.swift */,
				11493AF31A9EB1B000E09069 /* DrawView.swift */,
				11493AE61A9EB19800E09069 /* Line.swift */,
				11493AE91A9EB19800E09069 /* Track.swift */,
				1163B55F1C40BD7F002183E5 /* Track.xib */,
				115854251BA39586007C0131 /* TrackEditView.swift */,
				115854271BA39DCB007C0131 /* TrackEditView.xib */,
				115854131B9FB80C007C0131 /* WaveformEditView.swift */,
				115854111B9F91F3007C0131 /* WaveformEditView.xib */,
				1158541F1BA22ACF007C0131 /* TimelineView.swift */,
				1158542B1BAB9E7B007C0131 /* TimeSelectorView.swift */,
				11493AE81A9EB19800E09069 /* RecordedAudio.swift */,
				11493AEA1A9EB19800E09069 /* TrackColors.swift */,
				1162B3791AA2C9E00066A52E /* TracksDataModel.xcdatamodeld */,
				11489EC41AE5C6C900FB4B62 /* LastOpenProjectEntity.swift */,
				11DC21791AA8F9E000471052 /* DrawViewEntity.swift */,
				11E3911C1AA80CE700257DE2 /* TableViewDataEntity.swift */,
				11C8F5F81B7C0A6A00BDD37C /* ProjectEntity.swift */,
				1162B3801AA6EBB10066A52E /* TrackEntity.swift */,
				11C8F5F61B7C09FE00BDD37C /* LinkEntity.swift */,
				11ABD84E1B9962BA0048F1F9 /* NotesEntity.swift */,
				11493ACD1A9EB13900E09069 /* Images.xcassets */,
				11C7FF3B1A9EC0320055879C /* Tracks-Bridging-Header.h */,
				11493AF51A9EB96F00E09069 /* Main.storyboard */,
				11493ACF1A9EB13900E09069 /* LaunchScreen.xib */,
				11493AC41A9EB13900E09069 /* Supporting Files */,
			);
			path = Tracks;
			sourceTree = "<group>";
		};
		11493AC41A9EB13900E09069 /* Supporting Files */ = {
			isa = PBXGroup;
			children = (
				11F9526D1BFABEEB00F8586F /* Info.plist */,
			);
			name = "Supporting Files";
			sourceTree = "<group>";
		};
		11493AD91A9EB13900E09069 /* TracksTests */ = {
			isa = PBXGroup;
			children = (
				11493ADC1A9EB13900E09069 /* TracksTests.swift */,
				11493ADA1A9EB13900E09069 /* Supporting Files */,
			);
			path = TracksTests;
			sourceTree = "<group>";
		};
		11493ADA1A9EB13900E09069 /* Supporting Files */ = {
			isa = PBXGroup;
			children = (
				11493ADB1A9EB13900E09069 /* Info.plist */,
			);
			name = "Supporting Files";
			sourceTree = "<group>";
		};
		21D8B0B044E5734AEE645CD3 /* Frameworks */ = {
			isa = PBXGroup;
			children = (
				4F0EFB2F40011E4A9B70B6F4 /* libPods.a */,
			);
			name = Frameworks;
			sourceTree = "<group>";
		};
		69980F29F0D3F5582F8B2EEC /* Pods */ = {
			isa = PBXGroup;
			children = (
				B73C169CBD4E32C05F39A9F4 /* Pods.debug.xcconfig */,
				3AD75F2E0A8E254275688B01 /* Pods.release.xcconfig */,
			);
			name = Pods;
			sourceTree = "<group>";
		};
/* End PBXGroup section */

/* Begin PBXNativeTarget section */
		11493AC01A9EB13900E09069 /* Tracks */ = {
			isa = PBXNativeTarget;
			buildConfigurationList = 11493AE01A9EB13900E09069 /* Build configuration list for PBXNativeTarget "Tracks" */;
			buildPhases = (
				67C80E153FAD5982EEDB9B62 /* Check Pods Manifest.lock */,
				11493ABD1A9EB13900E09069 /* Sources */,
				11493ABE1A9EB13900E09069 /* Frameworks */,
				11493ABF1A9EB13900E09069 /* Resources */,
				A9D968CE1D764937BEBD588F /* Copy Pods Resources */,
			);
			buildRules = (
			);
			dependencies = (
			);
			name = Tracks;
			productName = Tracks;
			productReference = 11493AC11A9EB13900E09069 /* Tracks.app */;
			productType = "com.apple.product-type.application";
		};
		11493AD51A9EB13900E09069 /* TracksTests */ = {
			isa = PBXNativeTarget;
			buildConfigurationList = 11493AE31A9EB13900E09069 /* Build configuration list for PBXNativeTarget "TracksTests" */;
			buildPhases = (
				11493AD21A9EB13900E09069 /* Sources */,
				11493AD31A9EB13900E09069 /* Frameworks */,
				11493AD41A9EB13900E09069 /* Resources */,
			);
			buildRules = (
			);
			dependencies = (
				11493AD81A9EB13900E09069 /* PBXTargetDependency */,
			);
			name = TracksTests;
			productName = TracksTests;
			productReference = 11493AD61A9EB13900E09069 /* TracksTests.xctest */;
			productType = "com.apple.product-type.bundle.unit-test";
		};
/* End PBXNativeTarget section */

/* Begin PBXProject section */
		11493AB91A9EB13900E09069 /* Project object */ = {
			isa = PBXProject;
			attributes = {
				LastSwiftMigration = 0700;
				LastSwiftUpdateCheck = 0700;
				LastUpgradeCheck = 0610;
				ORGANIZATIONNAME = "JPGS inc.";
				TargetAttributes = {
					11493AC01A9EB13900E09069 = {
						CreatedOnToolsVersion = 6.1.1;
						DevelopmentTeam = 5KSSF865MZ;
					};
					11493AD51A9EB13900E09069 = {
						CreatedOnToolsVersion = 6.1.1;
						TestTargetID = 11493AC01A9EB13900E09069;
					};
				};
			};
			buildConfigurationList = 11493ABC1A9EB13900E09069 /* Build configuration list for PBXProject "Tracks" */;
			compatibilityVersion = "Xcode 3.2";
			developmentRegion = English;
			hasScannedForEncodings = 0;
			knownRegions = (
				en,
				Base,
			);
			mainGroup = 11493AB81A9EB13900E09069;
			productRefGroup = 11493AC21A9EB13900E09069 /* Products */;
			projectDirPath = "";
			projectRoot = "";
			targets = (
				11493AC01A9EB13900E09069 /* Tracks */,
				11493AD51A9EB13900E09069 /* TracksTests */,
			);
		};
/* End PBXProject section */

/* Begin PBXResourcesBuildPhase section */
		11493ABF1A9EB13900E09069 /* Resources */ = {
			isa = PBXResourcesBuildPhase;
			buildActionMask = 2147483647;
			files = (
				116A71371AD8D5D9003CD4C7 /* ProjectViewController.xib in Resources */,
				11CEDDD41AE843B30092AE87 /* ProjectTableViewCell.xib in Resources */,
				11493AD11A9EB13900E09069 /* LaunchScreen.xib in Resources */,
				11493ACE1A9EB13900E09069 /* Images.xcassets in Resources */,
				11493AF61A9EB96F00E09069 /* Main.storyboard in Resources */,
				115854281BA39DCB007C0131 /* TrackEditView.xib in Resources */,
				115854121B9F91F3007C0131 /* WaveformEditView.xib in Resources */,
				1184716F1AE5D68F009DFAD4 /* SelectProjectViewController.xib in Resources */,
				11F9526E1BFABEEB00F8586F /* Info.plist in Resources */,
				111E97A11C50552A00848C64 /* SettingsView.xib in Resources */,
				11ABD84B1B98D9B70048F1F9 /* NotesView.xib in Resources */,
				111E97A51C50AA9E00848C64 /* AboutView.xib in Resources */,
				1163B5601C40BD7F002183E5 /* Track.xib in Resources */,
			);
			runOnlyForDeploymentPostprocessing = 0;
		};
		11493AD41A9EB13900E09069 /* Resources */ = {
			isa = PBXResourcesBuildPhase;
			buildActionMask = 2147483647;
			files = (
			);
			runOnlyForDeploymentPostprocessing = 0;
		};
/* End PBXResourcesBuildPhase section */

/* Begin PBXShellScriptBuildPhase section */
		67C80E153FAD5982EEDB9B62 /* Check Pods Manifest.lock */ = {
			isa = PBXShellScriptBuildPhase;
			buildActionMask = 2147483647;
			files = (
			);
			inputPaths = (
			);
			name = "Check Pods Manifest.lock";
			outputPaths = (
			);
			runOnlyForDeploymentPostprocessing = 0;
			shellPath = /bin/sh;
			shellScript = "diff \"${PODS_ROOT}/../Podfile.lock\" \"${PODS_ROOT}/Manifest.lock\" > /dev/null\nif [[ $? != 0 ]] ; then\n    cat << EOM\nerror: The sandbox is not in sync with the Podfile.lock. Run 'pod install' or update your CocoaPods installation.\nEOM\n    exit 1\nfi\n";
			showEnvVarsInLog = 0;
		};
		A9D968CE1D764937BEBD588F /* Copy Pods Resources */ = {
			isa = PBXShellScriptBuildPhase;
			buildActionMask = 2147483647;
			files = (
			);
			inputPaths = (
			);
			name = "Copy Pods Resources";
			outputPaths = (
			);
			runOnlyForDeploymentPostprocessing = 0;
			shellPath = /bin/sh;
			shellScript = "\"${SRCROOT}/Pods/Target Support Files/Pods/Pods-resources.sh\"\n";
			showEnvVarsInLog = 0;
		};
/* End PBXShellScriptBuildPhase section */

/* Begin PBXSourcesBuildPhase section */
		11493ABD1A9EB13900E09069 /* Sources */ = {
			isa = PBXSourcesBuildPhase;
			buildActionMask = 2147483647;
			files = (
				11E3911D1AA80CE700257DE2 /* TableViewDataEntity.swift in Sources */,
				111E97A71C50D65200848C64 /* LineRuledTextView.swift in Sources */,
				115854141B9FB80C007C0131 /* WaveformEditView.swift in Sources */,
				11CEDDD31AE843B30092AE87 /* ProjectTableViewCell.swift in Sources */,
				1158542C1BAB9E7B007C0131 /* TimeSelectorView.swift in Sources */,
				111E97A31C50AA8E00848C64 /* AboutView.swift in Sources */,
				11C8F5F71B7C09FE00BDD37C /* LinkEntity.swift in Sources */,
				11DCE8C41AFD90750099BFEE /* LinkEdge.swift in Sources */,
				11493AF11A9EB19800E09069 /* TrackColors.swift in Sources */,
				111302FE1AFC8421002EA4B1 /* LinkManager.swift in Sources */,
				11ABD8491B98D7B10048F1F9 /* NotesView.swift in Sources */,
				115854261BA39586007C0131 /* TrackEditView.swift in Sources */,
				11E167611AA152B900A4D5EA /* SelectProjectTableViewController.swift in Sources */,
				11493AEE1A9EB19800E09069 /* ProjectViewController.swift in Sources */,
				11C8F5F91B7C0A6A00BDD37C /* ProjectEntity.swift in Sources */,
				116A71311AD8CDB6003CD4C7 /* ProjectManagerViewController.swift in Sources */,
				115854201BA22ACF007C0131 /* TimelineView.swift in Sources */,
				1162B3811AA6EBB10066A52E /* TrackEntity.swift in Sources */,
				11493AED1A9EB19800E09069 /* Line.swift in Sources */,
				11493AC71A9EB13900E09069 /* AppDelegate.swift in Sources */,
				111E979F1C50551400848C64 /* SettingsView.swift in Sources */,
				11493AF41A9EB1B000E09069 /* DrawView.swift in Sources */,
				11ABD84F1B9962BA0048F1F9 /* NotesEntity.swift in Sources */,
				11493AEF1A9EB19800E09069 /* RecordedAudio.swift in Sources */,
				11C8F5F11B74081B00BDD37C /* TrackLinkNode.swift in Sources */,
				1162B37B1AA2C9E00066A52E /* TracksDataModel.xcdatamodeld in Sources */,
				11489EC51AE5C6C900FB4B62 /* LastOpenProjectEntity.swift in Sources */,
				11C8F5EF1B7406B100BDD37C /* TrackLink.swift in Sources */,
				11493AF01A9EB19800E09069 /* Track.swift in Sources */,
				11DC217A1AA8F9E000471052 /* DrawViewEntity.swift in Sources */,
				11F952721BFBBF8C00F8586F /* ModeSelectSegmentedControl.swift in Sources */,
			);
			runOnlyForDeploymentPostprocessing = 0;
		};
		11493AD21A9EB13900E09069 /* Sources */ = {
			isa = PBXSourcesBuildPhase;
			buildActionMask = 2147483647;
			files = (
				11493ADD1A9EB13900E09069 /* TracksTests.swift in Sources */,
			);
			runOnlyForDeploymentPostprocessing = 0;
		};
/* End PBXSourcesBuildPhase section */

/* Begin PBXTargetDependency section */
		11493AD81A9EB13900E09069 /* PBXTargetDependency */ = {
			isa = PBXTargetDependency;
			target = 11493AC01A9EB13900E09069 /* Tracks */;
			targetProxy = 11493AD71A9EB13900E09069 /* PBXContainerItemProxy */;
		};
/* End PBXTargetDependency section */

/* Begin PBXVariantGroup section */
		11493ACF1A9EB13900E09069 /* LaunchScreen.xib */ = {
			isa = PBXVariantGroup;
			children = (
				11493AD01A9EB13900E09069 /* Base */,
			);
			name = LaunchScreen.xib;
			sourceTree = "<group>";
		};
/* End PBXVariantGroup section */

/* Begin XCBuildConfiguration section */
		11493ADE1A9EB13900E09069 /* Debug */ = {
			isa = XCBuildConfiguration;
			buildSettings = {
				ALWAYS_SEARCH_USER_PATHS = NO;
				CLANG_CXX_LANGUAGE_STANDARD = "gnu++0x";
				CLANG_CXX_LIBRARY = "libc++";
				CLANG_ENABLE_MODULES = YES;
				CLANG_ENABLE_OBJC_ARC = YES;
				CLANG_WARN_BOOL_CONVERSION = YES;
				CLANG_WARN_CONSTANT_CONVERSION = YES;
				CLANG_WARN_DIRECT_OBJC_ISA_USAGE = YES_ERROR;
				CLANG_WARN_EMPTY_BODY = YES;
				CLANG_WARN_ENUM_CONVERSION = YES;
				CLANG_WARN_INT_CONVERSION = YES;
				CLANG_WARN_OBJC_ROOT_CLASS = YES_ERROR;
				CLANG_WARN_UNREACHABLE_CODE = YES;
				CLANG_WARN__DUPLICATE_METHOD_MATCH = YES;
				"CODE_SIGN_IDENTITY[sdk=iphoneos*]" = "iPhone Developer";
				COPY_PHASE_STRIP = NO;
				ENABLE_STRICT_OBJC_MSGSEND = YES;
				GCC_C_LANGUAGE_STANDARD = gnu99;
				GCC_DYNAMIC_NO_PIC = NO;
				GCC_OPTIMIZATION_LEVEL = 0;
				GCC_PREPROCESSOR_DEFINITIONS = (
					"DEBUG=1",
					"$(inherited)",
				);
				GCC_SYMBOLS_PRIVATE_EXTERN = NO;
				GCC_WARN_64_TO_32_BIT_CONVERSION = YES;
				GCC_WARN_ABOUT_RETURN_TYPE = YES_ERROR;
				GCC_WARN_UNDECLARED_SELECTOR = YES;
				GCC_WARN_UNINITIALIZED_AUTOS = YES_AGGRESSIVE;
				GCC_WARN_UNUSED_FUNCTION = YES;
				GCC_WARN_UNUSED_VARIABLE = YES;
				IPHONEOS_DEPLOYMENT_TARGET = 8.4;
				MTL_ENABLE_DEBUG_INFO = YES;
				ONLY_ACTIVE_ARCH = YES;
				SDKROOT = iphoneos;
				SWIFT_OPTIMIZATION_LEVEL = "-Onone";
				TARGETED_DEVICE_FAMILY = "1,2";
			};
			name = Debug;
		};
		11493ADF1A9EB13900E09069 /* Release */ = {
			isa = XCBuildConfiguration;
			buildSettings = {
				ALWAYS_SEARCH_USER_PATHS = NO;
				CLANG_CXX_LANGUAGE_STANDARD = "gnu++0x";
				CLANG_CXX_LIBRARY = "libc++";
				CLANG_ENABLE_MODULES = YES;
				CLANG_ENABLE_OBJC_ARC = YES;
				CLANG_WARN_BOOL_CONVERSION = YES;
				CLANG_WARN_CONSTANT_CONVERSION = YES;
				CLANG_WARN_DIRECT_OBJC_ISA_USAGE = YES_ERROR;
				CLANG_WARN_EMPTY_BODY = YES;
				CLANG_WARN_ENUM_CONVERSION = YES;
				CLANG_WARN_INT_CONVERSION = YES;
				CLANG_WARN_OBJC_ROOT_CLASS = YES_ERROR;
				CLANG_WARN_UNREACHABLE_CODE = YES;
				CLANG_WARN__DUPLICATE_METHOD_MATCH = YES;
				"CODE_SIGN_IDENTITY[sdk=iphoneos*]" = "iPhone Developer";
				COPY_PHASE_STRIP = YES;
				ENABLE_NS_ASSERTIONS = NO;
				ENABLE_STRICT_OBJC_MSGSEND = YES;
				GCC_C_LANGUAGE_STANDARD = gnu99;
				GCC_WARN_64_TO_32_BIT_CONVERSION = YES;
				GCC_WARN_ABOUT_RETURN_TYPE = YES_ERROR;
				GCC_WARN_UNDECLARED_SELECTOR = YES;
				GCC_WARN_UNINITIALIZED_AUTOS = YES_AGGRESSIVE;
				GCC_WARN_UNUSED_FUNCTION = YES;
				GCC_WARN_UNUSED_VARIABLE = YES;
				IPHONEOS_DEPLOYMENT_TARGET = 8.4;
				MTL_ENABLE_DEBUG_INFO = NO;
				SDKROOT = iphoneos;
				TARGETED_DEVICE_FAMILY = "1,2";
				VALIDATE_PRODUCT = YES;
			};
			name = Release;
		};
		11493AE11A9EB13900E09069 /* Debug */ = {
			isa = XCBuildConfiguration;
			baseConfigurationReference = B73C169CBD4E32C05F39A9F4 /* Pods.debug.xcconfig */;
			buildSettings = {
				ASSETCATALOG_COMPILER_APPICON_NAME = AppIcon;
				CLANG_ENABLE_MODULES = YES;
				CODE_SIGN_IDENTITY = "iPhone Developer";
				"CODE_SIGN_IDENTITY[sdk=iphoneos*]" = "iPhone Developer";
				INFOPLIST_FILE = Tracks/Info.plist;
				IPHONEOS_DEPLOYMENT_TARGET = 8.4;
				LD_RUNPATH_SEARCH_PATHS = "$(inherited) @executable_path/Frameworks";
				PRODUCT_NAME = "$(TARGET_NAME)";
				PROVISIONING_PROFILE = "";
				SWIFT_OBJC_BRIDGING_HEADER = "Tracks/Tracks-Bridging-Header.h";
				SWIFT_OPTIMIZATION_LEVEL = "-Onone";
				TARGETED_DEVICE_FAMILY = "1,2";
			};
			name = Debug;
		};
		11493AE21A9EB13900E09069 /* Release */ = {
			isa = XCBuildConfiguration;
			baseConfigurationReference = 3AD75F2E0A8E254275688B01 /* Pods.release.xcconfig */;
			buildSettings = {
				ASSETCATALOG_COMPILER_APPICON_NAME = AppIcon;
				CLANG_ENABLE_MODULES = YES;
				CODE_SIGN_IDENTITY = "iPhone Developer";
				"CODE_SIGN_IDENTITY[sdk=iphoneos*]" = "iPhone Developer";
				INFOPLIST_FILE = Tracks/Info.plist;
				IPHONEOS_DEPLOYMENT_TARGET = 8.4;
				LD_RUNPATH_SEARCH_PATHS = "$(inherited) @executable_path/Frameworks";
				PRODUCT_NAME = "$(TARGET_NAME)";
				PROVISIONING_PROFILE = "";
				SWIFT_OBJC_BRIDGING_HEADER = "Tracks/Tracks-Bridging-Header.h";
				TARGETED_DEVICE_FAMILY = "1,2";
			};
			name = Release;
		};
		11493AE41A9EB13900E09069 /* Debug */ = {
			isa = XCBuildConfiguration;
			buildSettings = {
				BUNDLE_LOADER = "$(TEST_HOST)";
				FRAMEWORK_SEARCH_PATHS = (
					"$(SDKROOT)/Developer/Library/Frameworks",
					"$(inherited)",
				);
				GCC_PREPROCESSOR_DEFINITIONS = (
					"DEBUG=1",
					"$(inherited)",
				);
				INFOPLIST_FILE = TracksTests/Info.plist;
				LD_RUNPATH_SEARCH_PATHS = "$(inherited) @executable_path/Frameworks @loader_path/Frameworks";
				PRODUCT_NAME = "$(TARGET_NAME)";
				TEST_HOST = "$(BUILT_PRODUCTS_DIR)/Tracks.app/Tracks";
			};
			name = Debug;
		};
		11493AE51A9EB13900E09069 /* Release */ = {
			isa = XCBuildConfiguration;
			buildSettings = {
				BUNDLE_LOADER = "$(TEST_HOST)";
				FRAMEWORK_SEARCH_PATHS = (
					"$(SDKROOT)/Developer/Library/Frameworks",
					"$(inherited)",
				);
				INFOPLIST_FILE = TracksTests/Info.plist;
				LD_RUNPATH_SEARCH_PATHS = "$(inherited) @executable_path/Frameworks @loader_path/Frameworks";
				PRODUCT_NAME = "$(TARGET_NAME)";
				TEST_HOST = "$(BUILT_PRODUCTS_DIR)/Tracks.app/Tracks";
			};
			name = Release;
		};
/* End XCBuildConfiguration section */

/* Begin XCConfigurationList section */
		11493ABC1A9EB13900E09069 /* Build configuration list for PBXProject "Tracks" */ = {
			isa = XCConfigurationList;
			buildConfigurations = (
				11493ADE1A9EB13900E09069 /* Debug */,
				11493ADF1A9EB13900E09069 /* Release */,
			);
			defaultConfigurationIsVisible = 0;
			defaultConfigurationName = Release;
		};
		11493AE01A9EB13900E09069 /* Build configuration list for PBXNativeTarget "Tracks" */ = {
			isa = XCConfigurationList;
			buildConfigurations = (
				11493AE11A9EB13900E09069 /* Debug */,
				11493AE21A9EB13900E09069 /* Release */,
			);
			defaultConfigurationIsVisible = 0;
			defaultConfigurationName = Release;
		};
		11493AE31A9EB13900E09069 /* Build configuration list for PBXNativeTarget "TracksTests" */ = {
			isa = XCConfigurationList;
			buildConfigurations = (
				11493AE41A9EB13900E09069 /* Debug */,
				11493AE51A9EB13900E09069 /* Release */,
			);
			defaultConfigurationIsVisible = 0;
			defaultConfigurationName = Release;
		};
/* End XCConfigurationList section */

/* Begin XCVersionGroup section */
		1162B3791AA2C9E00066A52E /* TracksDataModel.xcdatamodeld */ = {
			isa = XCVersionGroup;
			children = (
				1162B37A1AA2C9E00066A52E /* TracksDataModel.xcdatamodel */,
			);
			currentVersion = 1162B37A1AA2C9E00066A52E /* TracksDataModel.xcdatamodel */;
			path = TracksDataModel.xcdatamodeld;
			sourceTree = "<group>";
			versionGroupType = wrapper.xcdatamodel;
		};
/* End XCVersionGroup section */
	};
	rootObject = 11493AB91A9EB13900E09069 /* Project object */;
}
